
Microsoft Visual Studio Solution File, Format Version 12.00
# Visual Studio Version 16
VisualStudioVersion = 16.0.29102.190
MinimumVisualStudioVersion = 10.0.40219.1
Project("{FAE04EC0-301F-11D3-BF4B-00C04F79EFBC}") = "Additel.UIGallery.UWP", "Additel.UIGallery.UWP\Additel.UIGallery.UWP.csproj", "{A6A14B11-532E-4A91-9349-EB8AF66387CC}"
EndProject
Project("{FAE04EC0-301F-11D3-BF4B-00C04F79EFBC}") = "Additel.UIGallery.Android", "Additel.UIGallery.Android\Additel.UIGallery.Android.csproj", "{4409873B-A0BF-4F62-9E4B-325117127C11}"
EndProject
Project("{FAE04EC0-301F-11D3-BF4B-00C04F79EFBC}") = "Additel.UIGallery.iOS", "Additel.UIGallery.iOS\Additel.UIGallery.iOS.csproj", "{B4324A93-498A-4DC7-8BD0-3DE2D24EA548}"
EndProject
Project("{9A19103F-16F7-4668-BE54-9A1E7A4F7556}") = "Additel.UIGallery", "Additel.UIGallery\Additel.UIGallery.csproj", "{D1924CB8-4687-4CA1-B696-46444CE1F588}"
EndProject
Project("{9A19103F-16F7-4668-BE54-9A1E7A4F7556}") = "Additel.Forms", "..\..\source\Additel.Forms\Additel.Forms.csproj", "{8AC71F03-5F15-4F66-BA55-04DB9DA29064}"
EndProject
Project("{FAE04EC0-301F-11D3-BF4B-00C04F79EFBC}") = "Additel.UIGallery.WPF", "Additel.UIGallery.WPF\Additel.UIGallery.WPF.csproj", "{1EB463DB-A765-4250-9D10-518E9F8A1BCC}"
EndProject
Global
	GlobalSection(SolutionConfigurationPlatforms) = preSolution
		Debug|Any CPU = Debug|Any CPU
		Debug|ARM = Debug|ARM
		Debug|iPhone = Debug|iPhone
		Debug|iPhoneSimulator = Debug|iPhoneSimulator
		Debug|x64 = Debug|x64
		Debug|x86 = Debug|x86
		Release|Any CPU = Release|Any CPU
		Release|ARM = Release|ARM
		Release|iPhone = Release|iPhone
		Release|iPhoneSimulator = Release|iPhoneSimulator
		Release|x64 = Release|x64
		Release|x86 = Release|x86
	EndGlobalSection
	GlobalSection(ProjectConfigurationPlatforms) = postSolution
		{A6A14B11-532E-4A91-9349-EB8AF66387CC}.Debug|Any CPU.ActiveCfg = Debug|x86
		{A6A14B11-532E-4A91-9349-EB8AF66387CC}.Debug|Any CPU.Build.0 = Debug|x86
		{A6A14B11-532E-4A91-9349-EB8AF66387CC}.Debug|Any CPU.Deploy.0 = Debug|x86
		{A6A14B11-532E-4A91-9349-EB8AF66387CC}.Debug|ARM.ActiveCfg = Debug|ARM
		{A6A14B11-532E-4A91-9349-EB8AF66387CC}.Debug|ARM.Build.0 = Debug|ARM
		{A6A14B11-532E-4A91-9349-EB8AF66387CC}.Debug|ARM.Deploy.0 = Debug|ARM
		{A6A14B11-532E-4A91-9349-EB8AF66387CC}.Debug|iPhone.ActiveCfg = Debug|x86
		{A6A14B11-532E-4A91-9349-EB8AF66387CC}.Debug|iPhone.Build.0 = Debug|x86
		{A6A14B11-532E-4A91-9349-EB8AF66387CC}.Debug|iPhone.Deploy.0 = Debug|x86
		{A6A14B11-532E-4A91-9349-EB8AF66387CC}.Debug|iPhoneSimulator.ActiveCfg = Debug|x86
		{A6A14B11-532E-4A91-9349-EB8AF66387CC}.Debug|iPhoneSimulator.Build.0 = Debug|x86
		{A6A14B11-532E-4A91-9349-EB8AF66387CC}.Debug|iPhoneSimulator.Deploy.0 = Debug|x86
		{A6A14B11-532E-4A91-9349-EB8AF66387CC}.Debug|x64.ActiveCfg = Debug|x64
		{A6A14B11-532E-4A91-9349-EB8AF66387CC}.Debug|x64.Build.0 = Debug|x64
		{A6A14B11-532E-4A91-9349-EB8AF66387CC}.Debug|x64.Deploy.0 = Debug|x64
		{A6A14B11-532E-4A91-9349-EB8AF66387CC}.Debug|x86.ActiveCfg = Debug|x86
		{A6A14B11-532E-4A91-9349-EB8AF66387CC}.Debug|x86.Build.0 = Debug|x86
		{A6A14B11-532E-4A91-9349-EB8AF66387CC}.Debug|x86.Deploy.0 = Debug|x86
		{A6A14B11-532E-4A91-9349-EB8AF66387CC}.Release|Any CPU.ActiveCfg = Release|x86
		{A6A14B11-532E-4A91-9349-EB8AF66387CC}.Release|Any CPU.Build.0 = Release|x86
		{A6A14B11-532E-4A91-9349-EB8AF66387CC}.Release|Any CPU.Deploy.0 = Release|x86
		{A6A14B11-532E-4A91-9349-EB8AF66387CC}.Release|ARM.ActiveCfg = Release|ARM
		{A6A14B11-532E-4A91-9349-EB8AF66387CC}.Release|ARM.Build.0 = Release|ARM
		{A6A14B11-532E-4A91-9349-EB8AF66387CC}.Release|ARM.Deploy.0 = Release|ARM
		{A6A14B11-532E-4A91-9349-EB8AF66387CC}.Release|iPhone.ActiveCfg = Release|x86
		{A6A14B11-532E-4A91-9349-EB8AF66387CC}.Release|iPhone.Build.0 = Release|x86
		{A6A14B11-532E-4A91-9349-EB8AF66387CC}.Release|iPhone.Deploy.0 = Release|x86
		{A6A14B11-532E-4A91-9349-EB8AF66387CC}.Release|iPhoneSimulator.ActiveCfg = Release|x86
		{A6A14B11-532E-4A91-9349-EB8AF66387CC}.Release|iPhoneSimulator.Build.0 = Release|x86
		{A6A14B11-532E-4A91-9349-EB8AF66387CC}.Release|iPhoneSimulator.Deploy.0 = Release|x86
		{A6A14B11-532E-4A91-9349-EB8AF66387CC}.Release|x64.ActiveCfg = Release|x64
		{A6A14B11-532E-4A91-9349-EB8AF66387CC}.Release|x64.Build.0 = Release|x64
		{A6A14B11-532E-4A91-9349-EB8AF66387CC}.Release|x64.Deploy.0 = Release|x64
		{A6A14B11-532E-4A91-9349-EB8AF66387CC}.Release|x86.ActiveCfg = Release|x86
		{A6A14B11-532E-4A91-9349-EB8AF66387CC}.Release|x86.Build.0 = Release|x86
		{A6A14B11-532E-4A91-9349-EB8AF66387CC}.Release|x86.Deploy.0 = Release|x86
		{4409873B-A0BF-4F62-9E4B-325117127C11}.Debug|Any CPU.ActiveCfg = Debug|Any CPU
		{4409873B-A0BF-4F62-9E4B-325117127C11}.Debug|Any CPU.Build.0 = Debug|Any CPU
		{4409873B-A0BF-4F62-9E4B-325117127C11}.Debug|Any CPU.Deploy.0 = Debug|Any CPU
		{4409873B-A0BF-4F62-9E4B-325117127C11}.Debug|ARM.ActiveCfg = Debug|Any CPU
		{4409873B-A0BF-4F62-9E4B-325117127C11}.Debug|ARM.Build.0 = Debug|Any CPU
		{4409873B-A0BF-4F62-9E4B-325117127C11}.Debug|ARM.Deploy.0 = Debug|Any CPU
		{4409873B-A0BF-4F62-9E4B-325117127C11}.Debug|iPhone.ActiveCfg = Debug|Any CPU
		{4409873B-A0BF-4F62-9E4B-325117127C11}.Debug|iPhone.Build.0 = Debug|Any CPU
		{4409873B-A0BF-4F62-9E4B-325117127C11}.Debug|iPhone.Deploy.0 = Debug|Any CPU
		{4409873B-A0BF-4F62-9E4B-325117127C11}.Debug|iPhoneSimulator.ActiveCfg = Debug|Any CPU
		{4409873B-A0BF-4F62-9E4B-325117127C11}.Debug|iPhoneSimulator.Build.0 = Debug|Any CPU
		{4409873B-A0BF-4F62-9E4B-325117127C11}.Debug|iPhoneSimulator.Deploy.0 = Debug|Any CPU
		{4409873B-A0BF-4F62-9E4B-325117127C11}.Debug|x64.ActiveCfg = Debug|Any CPU
		{4409873B-A0BF-4F62-9E4B-325117127C11}.Debug|x64.Build.0 = Debug|Any CPU
		{4409873B-A0BF-4F62-9E4B-325117127C11}.Debug|x64.Deploy.0 = Debug|Any CPU
		{4409873B-A0BF-4F62-9E4B-325117127C11}.Debug|x86.ActiveCfg = Debug|Any CPU
		{4409873B-A0BF-4F62-9E4B-325117127C11}.Debug|x86.Build.0 = Debug|Any CPU
		{4409873B-A0BF-4F62-9E4B-325117127C11}.Debug|x86.Deploy.0 = Debug|Any CPU
		{4409873B-A0BF-4F62-9E4B-325117127C11}.Release|Any CPU.ActiveCfg = Release|Any CPU
		{4409873B-A0BF-4F62-9E4B-325117127C11}.Release|Any CPU.Build.0 = Release|Any CPU
		{4409873B-A0BF-4F62-9E4B-325117127C11}.Release|Any CPU.Deploy.0 = Release|Any CPU
		{4409873B-A0BF-4F62-9E4B-325117127C11}.Release|ARM.ActiveCfg = Release|Any CPU
		{4409873B-A0BF-4F62-9E4B-325117127C11}.Release|ARM.Build.0 = Release|Any CPU
		{4409873B-A0BF-4F62-9E4B-325117127C11}.Release|ARM.Deploy.0 = Release|Any CPU
		{4409873B-A0BF-4F62-9E4B-325117127C11}.Release|iPhone.ActiveCfg = Release|Any CPU
		{4409873B-A0BF-4F62-9E4B-325117127C11}.Release|iPhone.Build.0 = Release|Any CPU
		{4409873B-A0BF-4F62-9E4B-325117127C11}.Release|iPhone.Deploy.0 = Release|Any CPU
		{4409873B-A0BF-4F62-9E4B-325117127C11}.Release|iPhoneSimulator.ActiveCfg = Release|Any CPU
		{4409873B-A0BF-4F62-9E4B-325117127C11}.Release|iPhoneSimulator.Build.0 = Release|Any CPU
		{4409873B-A0BF-4F62-9E4B-325117127C11}.Release|iPhoneSimulator.Deploy.0 = Release|Any CPU
		{4409873B-A0BF-4F62-9E4B-325117127C11}.Release|x64.ActiveCfg = Release|Any CPU
		{4409873B-A0BF-4F62-9E4B-325117127C11}.Release|x64.Build.0 = Release|Any CPU
		{4409873B-A0BF-4F62-9E4B-325117127C11}.Release|x64.Deploy.0 = Release|Any CPU
		{4409873B-A0BF-4F62-9E4B-325117127C11}.Release|x86.ActiveCfg = Release|Any CPU
		{4409873B-A0BF-4F62-9E4B-325117127C11}.Release|x86.Build.0 = Release|Any CPU
		{4409873B-A0BF-4F62-9E4B-325117127C11}.Release|x86.Deploy.0 = Release|Any CPU
		{B4324A93-498A-4DC7-8BD0-3DE2D24EA548}.Debug|Any CPU.ActiveCfg = Debug|iPhone
		{B4324A93-498A-4DC7-8BD0-3DE2D24EA548}.Debug|Any CPU.Build.0 = Debug|iPhone
		{B4324A93-498A-4DC7-8BD0-3DE2D24EA548}.Debug|Any CPU.Deploy.0 = Debug|iPhone
		{B4324A93-498A-4DC7-8BD0-3DE2D24EA548}.Debug|ARM.ActiveCfg = Debug|iPhoneSimulator
		{B4324A93-498A-4DC7-8BD0-3DE2D24EA548}.Debug|ARM.Build.0 = Debug|iPhoneSimulator
		{B4324A93-498A-4DC7-8BD0-3DE2D24EA548}.Debug|ARM.Deploy.0 = Debug|iPhoneSimulator
		{B4324A93-498A-4DC7-8BD0-3DE2D24EA548}.Debug|iPhone.ActiveCfg = Debug|iPhone
		{B4324A93-498A-4DC7-8BD0-3DE2D24EA548}.Debug|iPhone.Build.0 = Debug|iPhone
		{B4324A93-498A-4DC7-8BD0-3DE2D24EA548}.Debug|iPhone.Deploy.0 = Debug|iPhone
		{B4324A93-498A-4DC7-8BD0-3DE2D24EA548}.Debug|iPhoneSimulator.ActiveCfg = Debug|iPhoneSimulator
		{B4324A93-498A-4DC7-8BD0-3DE2D24EA548}.Debug|iPhoneSimulator.Build.0 = Debug|iPhoneSimulator
		{B4324A93-498A-4DC7-8BD0-3DE2D24EA548}.Debug|iPhoneSimulator.Deploy.0 = Debug|iPhoneSimulator
		{B4324A93-498A-4DC7-8BD0-3DE2D24EA548}.Debug|x64.ActiveCfg = Debug|iPhone
		{B4324A93-498A-4DC7-8BD0-3DE2D24EA548}.Debug|x64.Build.0 = Debug|iPhone
		{B4324A93-498A-4DC7-8BD0-3DE2D24EA548}.Debug|x64.Deploy.0 = Debug|iPhone
		{B4324A93-498A-4DC7-8BD0-3DE2D24EA548}.Debug|x86.ActiveCfg = Debug|iPhone
		{B4324A93-498A-4DC7-8BD0-3DE2D24EA548}.Debug|x86.Build.0 = Debug|iPhone
		{B4324A93-498A-4DC7-8BD0-3DE2D24EA548}.Debug|x86.Deploy.0 = Debug|iPhone
		{B4324A93-498A-4DC7-8BD0-3DE2D24EA548}.Release|Any CPU.ActiveCfg = Release|iPhone
		{B4324A93-498A-4DC7-8BD0-3DE2D24EA548}.Release|Any CPU.Build.0 = Release|iPhone
		{B4324A93-498A-4DC7-8BD0-3DE2D24EA548}.Release|Any CPU.Deploy.0 = Release|iPhone
		{B4324A93-498A-4DC7-8BD0-3DE2D24EA548}.Release|ARM.ActiveCfg = Release|iPhone
		{B4324A93-498A-4DC7-8BD0-3DE2D24EA548}.Release|ARM.Build.0 = Release|iPhone
		{B4324A93-498A-4DC7-8BD0-3DE2D24EA548}.Release|ARM.Deploy.0 = Release|iPhone
		{B4324A93-498A-4DC7-8BD0-3DE2D24EA548}.Release|iPhone.ActiveCfg = Release|iPhone
		{B4324A93-498A-4DC7-8BD0-3DE2D24EA548}.Release|iPhone.Build.0 = Release|iPhone
		{B4324A93-498A-4DC7-8BD0-3DE2D24EA548}.Release|iPhone.Deploy.0 = Release|iPhone
		{B4324A93-498A-4DC7-8BD0-3DE2D24EA548}.Release|iPhoneSimulator.ActiveCfg = Release|iPhoneSimulator
		{B4324A93-498A-4DC7-8BD0-3DE2D24EA548}.Release|iPhoneSimulator.Build.0 = Release|iPhoneSimulator
		{B4324A93-498A-4DC7-8BD0-3DE2D24EA548}.Release|iPhoneSimulator.Deploy.0 = Release|iPhoneSimulator
		{B4324A93-498A-4DC7-8BD0-3DE2D24EA548}.Release|x64.ActiveCfg = Release|iPhone
		{B4324A93-498A-4DC7-8BD0-3DE2D24EA548}.Release|x64.Build.0 = Release|iPhone
		{B4324A93-498A-4DC7-8BD0-3DE2D24EA548}.Release|x64.Deploy.0 = Release|iPhone
		{B4324A93-498A-4DC7-8BD0-3DE2D24EA548}.Release|x86.ActiveCfg = Release|iPhone
		{B4324A93-498A-4DC7-8BD0-3DE2D24EA548}.Release|x86.Build.0 = Release|iPhone
		{B4324A93-498A-4DC7-8BD0-3DE2D24EA548}.Release|x86.Deploy.0 = Release|iPhone
		{D1924CB8-4687-4CA1-B696-46444CE1F588}.Debug|Any CPU.ActiveCfg = Debug|Any CPU
		{D1924CB8-4687-4CA1-B696-46444CE1F588}.Debug|Any CPU.Build.0 = Debug|Any CPU
		{D1924CB8-4687-4CA1-B696-46444CE1F588}.Debug|Any CPU.Deploy.0 = Debug|Any CPU
		{D1924CB8-4687-4CA1-B696-46444CE1F588}.Debug|ARM.ActiveCfg = Debug|Any CPU
		{D1924CB8-4687-4CA1-B696-46444CE1F588}.Debug|ARM.Build.0 = Debug|Any CPU
		{D1924CB8-4687-4CA1-B696-46444CE1F588}.Debug|ARM.Deploy.0 = Debug|Any CPU
		{D1924CB8-4687-4CA1-B696-46444CE1F588}.Debug|iPhone.ActiveCfg = Debug|Any CPU
		{D1924CB8-4687-4CA1-B696-46444CE1F588}.Debug|iPhone.Build.0 = Debug|Any CPU
		{D1924CB8-4687-4CA1-B696-46444CE1F588}.Debug|iPhone.Deploy.0 = Debug|Any CPU
		{D1924CB8-4687-4CA1-B696-46444CE1F588}.Debug|iPhoneSimulator.ActiveCfg = Debug|Any CPU
		{D1924CB8-4687-4CA1-B696-46444CE1F588}.Debug|iPhoneSimulator.Build.0 = Debug|Any CPU
		{D1924CB8-4687-4CA1-B696-46444CE1F588}.Debug|iPhoneSimulator.Deploy.0 = Debug|Any CPU
		{D1924CB8-4687-4CA1-B696-46444CE1F588}.Debug|x64.ActiveCfg = Debug|Any CPU
		{D1924CB8-4687-4CA1-B696-46444CE1F588}.Debug|x64.Build.0 = Debug|Any CPU
		{D1924CB8-4687-4CA1-B696-46444CE1F588}.Debug|x64.Deploy.0 = Debug|Any CPU
		{D1924CB8-4687-4CA1-B696-46444CE1F588}.Debug|x86.ActiveCfg = Debug|Any CPU
		{D1924CB8-4687-4CA1-B696-46444CE1F588}.Debug|x86.Build.0 = Debug|Any CPU
		{D1924CB8-4687-4CA1-B696-46444CE1F588}.Debug|x86.Deploy.0 = Debug|Any CPU
		{D1924CB8-4687-4CA1-B696-46444CE1F588}.Release|Any CPU.ActiveCfg = Release|Any CPU
		{D1924CB8-4687-4CA1-B696-46444CE1F588}.Release|Any CPU.Build.0 = Release|Any CPU
		{D1924CB8-4687-4CA1-B696-46444CE1F588}.Release|Any CPU.Deploy.0 = Release|Any CPU
		{D1924CB8-4687-4CA1-B696-46444CE1F588}.Release|ARM.ActiveCfg = Release|Any CPU
		{D1924CB8-4687-4CA1-B696-46444CE1F588}.Release|ARM.Build.0 = Release|Any CPU
		{D1924CB8-4687-4CA1-B696-46444CE1F588}.Release|ARM.Deploy.0 = Release|Any CPU
		{D1924CB8-4687-4CA1-B696-46444CE1F588}.Release|iPhone.ActiveCfg = Release|Any CPU
		{D1924CB8-4687-4CA1-B696-46444CE1F588}.Release|iPhone.Build.0 = Release|Any CPU
		{D1924CB8-4687-4CA1-B696-46444CE1F588}.Release|iPhone.Deploy.0 = Release|Any CPU
		{D1924CB8-4687-4CA1-B696-46444CE1F588}.Release|iPhoneSimulator.ActiveCfg = Release|Any CPU
		{D1924CB8-4687-4CA1-B696-46444CE1F588}.Release|iPhoneSimulator.Build.0 = Release|Any CPU
		{D1924CB8-4687-4CA1-B696-46444CE1F588}.Release|iPhoneSimulator.Deploy.0 = Release|Any CPU
		{D1924CB8-4687-4CA1-B696-46444CE1F588}.Release|x64.ActiveCfg = Release|Any CPU
		{D1924CB8-4687-4CA1-B696-46444CE1F588}.Release|x64.Build.0 = Release|Any CPU
		{D1924CB8-4687-4CA1-B696-46444CE1F588}.Release|x64.Deploy.0 = Release|Any CPU
		{D1924CB8-4687-4CA1-B696-46444CE1F588}.Release|x86.ActiveCfg = Release|Any CPU
		{D1924CB8-4687-4CA1-B696-46444CE1F588}.Release|x86.Build.0 = Release|Any CPU
		{D1924CB8-4687-4CA1-B696-46444CE1F588}.Release|x86.Deploy.0 = Release|Any CPU
		{8AC71F03-5F15-4F66-BA55-04DB9DA29064}.Debug|Any CPU.ActiveCfg = Debug|Any CPU
		{8AC71F03-5F15-4F66-BA55-04DB9DA29064}.Debug|Any CPU.Build.0 = Debug|Any CPU
		{8AC71F03-5F15-4F66-BA55-04DB9DA29064}.Debug|ARM.ActiveCfg = Debug|Any CPU
		{8AC71F03-5F15-4F66-BA55-04DB9DA29064}.Debug|ARM.Build.0 = Debug|Any CPU
		{8AC71F03-5F15-4F66-BA55-04DB9DA29064}.Debug|iPhone.ActiveCfg = Debug|Any CPU
		{8AC71F03-5F15-4F66-BA55-04DB9DA29064}.Debug|iPhone.Build.0 = Debug|Any CPU
		{8AC71F03-5F15-4F66-BA55-04DB9DA29064}.Debug|iPhoneSimulator.ActiveCfg = Debug|Any CPU
		{8AC71F03-5F15-4F66-BA55-04DB9DA29064}.Debug|iPhoneSimulator.Build.0 = Debug|Any CPU
		{8AC71F03-5F15-4F66-BA55-04DB9DA29064}.Debug|x64.ActiveCfg = Debug|Any CPU
		{8AC71F03-5F15-4F66-BA55-04DB9DA29064}.Debug|x64.Build.0 = Debug|Any CPU
		{8AC71F03-5F15-4F66-BA55-04DB9DA29064}.Debug|x86.ActiveCfg = Debug|Any CPU
		{8AC71F03-5F15-4F66-BA55-04DB9DA29064}.Debug|x86.Build.0 = Debug|Any CPU
		{8AC71F03-5F15-4F66-BA55-04DB9DA29064}.Release|Any CPU.ActiveCfg = Release|Any CPU
		{8AC71F03-5F15-4F66-BA55-04DB9DA29064}.Release|Any CPU.Build.0 = Release|Any CPU
		{8AC71F03-5F15-4F66-BA55-04DB9DA29064}.Release|ARM.ActiveCfg = Release|Any CPU
		{8AC71F03-5F15-4F66-BA55-04DB9DA29064}.Release|ARM.Build.0 = Release|Any CPU
		{8AC71F03-5F15-4F66-BA55-04DB9DA29064}.Release|iPhone.ActiveCfg = Release|Any CPU
		{8AC71F03-5F15-4F66-BA55-04DB9DA29064}.Release|iPhone.Build.0 = Release|Any CPU
		{8AC71F03-5F15-4F66-BA55-04DB9DA29064}.Release|iPhoneSimulator.ActiveCfg = Release|Any CPU
		{8AC71F03-5F15-4F66-BA55-04DB9DA29064}.Release|iPhoneSimulator.Build.0 = Release|Any CPU
		{8AC71F03-5F15-4F66-BA55-04DB9DA29064}.Release|x64.ActiveCfg = Release|Any CPU
		{8AC71F03-5F15-4F66-BA55-04DB9DA29064}.Release|x64.Build.0 = Release|Any CPU
		{8AC71F03-5F15-4F66-BA55-04DB9DA29064}.Release|x86.ActiveCfg = Release|Any CPU
		{8AC71F03-5F15-4F66-BA55-04DB9DA29064}.Release|x86.Build.0 = Release|Any CPU
		{1EB463DB-A765-4250-9D10-518E9F8A1BCC}.Debug|Any CPU.ActiveCfg = Debug|Any CPU
		{1EB463DB-A765-4250-9D10-518E9F8A1BCC}.Debug|Any CPU.Build.0 = Debug|Any CPU
		{1EB463DB-A765-4250-9D10-518E9F8A1BCC}.Debug|ARM.ActiveCfg = Debug|Any CPU
		{1EB463DB-A765-4250-9D10-518E9F8A1BCC}.Debug|ARM.Build.0 = Debug|Any CPU
		{1EB463DB-A765-4250-9D10-518E9F8A1BCC}.Debug|iPhone.ActiveCfg = Debug|Any CPU
		{1EB463DB-A765-4250-9D10-518E9F8A1BCC}.Debug|iPhone.Build.0 = Debug|Any CPU
		{1EB463DB-A765-4250-9D10-518E9F8A1BCC}.Debug|iPhoneSimulator.ActiveCfg = Debug|Any CPU
		{1EB463DB-A765-4250-9D10-518E9F8A1BCC}.Debug|iPhoneSimulator.Build.0 = Debug|Any CPU
		{1EB463DB-A765-4250-9D10-518E9F8A1BCC}.Debug|x64.ActiveCfg = Debug|Any CPU
		{1EB463DB-A765-4250-9D10-518E9F8A1BCC}.Debug|x64.Build.0 = Debug|Any CPU
		{1EB463DB-A765-4250-9D10-518E9F8A1BCC}.Debug|x86.ActiveCfg = Debug|Any CPU
		{1EB463DB-A765-4250-9D10-518E9F8A1BCC}.Debug|x86.Build.0 = Debug|Any CPU
		{1EB463DB-A765-4250-9D10-518E9F8A1BCC}.Release|Any CPU.ActiveCfg = Release|Any CPU
		{1EB463DB-A765-4250-9D10-518E9F8A1BCC}.Release|Any CPU.Build.0 = Release|Any CPU
		{1EB463DB-A765-4250-9D10-518E9F8A1BCC}.Release|ARM.ActiveCfg = Release|Any CPU
		{1EB463DB-A765-4250-9D10-518E9F8A1BCC}.Release|ARM.Build.0 = Release|Any CPU
		{1EB463DB-A765-4250-9D10-518E9F8A1BCC}.Release|iPhone.ActiveCfg = Release|Any CPU
		{1EB463DB-A765-4250-9D10-518E9F8A1BCC}.Release|iPhone.Build.0 = Release|Any CPU
		{1EB463DB-A765-4250-9D10-518E9F8A1BCC}.Release|iPhoneSimulator.ActiveCfg = Release|Any CPU
		{1EB463DB-A765-4250-9D10-518E9F8A1BCC}.Release|iPhoneSimulator.Build.0 = Release|Any CPU
		{1EB463DB-A765-4250-9D10-518E9F8A1BCC}.Release|x64.ActiveCfg = Release|Any CPU
		{1EB463DB-A765-4250-9D10-518E9F8A1BCC}.Release|x64.Build.0 = Release|Any CPU
		{1EB463DB-A765-4250-9D10-518E9F8A1BCC}.Release|x86.ActiveCfg = Release|Any CPU
		{1EB463DB-A765-4250-9D10-518E9F8A1BCC}.Release|x86.Build.0 = Release|Any CPU
	EndGlobalSection
	GlobalSection(SolutionProperties) = preSolution
		HideSolutionNode = FALSE
	EndGlobalSection
	GlobalSection(ExtensibilityGlobals) = postSolution
		SolutionGuid = {2A221D01-B5E5-4620-A9BB-0F5F88E85CE9}
	EndGlobalSection
EndGlobal
