
Microsoft Visual Studio Solution File, Format Version 12.00
# Visual Studio Version 16
VisualStudioVersion = 16.0.29209.62
MinimumVisualStudioVersion = 10.0.40219.1
Project("{FAE04EC0-301F-11D3-BF4B-00C04F79EFBC}") = "UIWorker.WPF", "UIWorker.WPF\UIWorker.WPF.csproj", "{6A8CD845-E670-443C-B64A-26EB44034157}"
EndProject
Project("{9A19103F-16F7-4668-BE54-9A1E7A4F7556}") = "UIWorker", "UIWorker\UIWorker.csproj", "{791695B4-C35B-41E0-AEAC-1AB3AC21A286}"
EndProject
Project("{FAE04EC0-301F-11D3-BF4B-00C04F79EFBC}") = "UIWorker.Android", "UIWorker.Android\UIWorker.Android.csproj", "{DACC81DF-43AE-47BC-B5D0-7F117FBD40DA}"
EndProject
Project("{FAE04EC0-301F-11D3-BF4B-00C04F79EFBC}") = "UIWorker.iOS", "UIWorker.iOS\UIWorker.iOS.csproj", "{5ED654EF-7537-4C26-B719-850F557B499C}"
EndProject
Project("{FAE04EC0-301F-11D3-BF4B-00C04F79EFBC}") = "UIWorker.UWP", "UIWorker.UWP\UIWorker.UWP.csproj", "{9167B91C-677F-440E-B995-59AA941023E3}"
EndProject
Global
	GlobalSection(SolutionConfigurationPlatforms) = preSolution
		Debug|Any CPU = Debug|Any CPU
		Debug|ARM = Debug|ARM
		Debug|iPhone = Debug|iPhone
		Debug|iPhoneSimulator = Debug|iPhoneSimulator
		Debug|x64 = Debug|x64
		Debug|x86 = Debug|x86
		Release|Any CPU = Release|Any CPU
		Release|ARM = Release|ARM
		Release|iPhone = Release|iPhone
		Release|iPhoneSimulator = Release|iPhoneSimulator
		Release|x64 = Release|x64
		Release|x86 = Release|x86
	EndGlobalSection
	GlobalSection(ProjectConfigurationPlatforms) = postSolution
		{6A8CD845-E670-443C-B64A-26EB44034157}.Debug|Any CPU.ActiveCfg = Debug|Any CPU
		{6A8CD845-E670-443C-B64A-26EB44034157}.Debug|Any CPU.Build.0 = Debug|Any CPU
		{6A8CD845-E670-443C-B64A-26EB44034157}.Debug|ARM.ActiveCfg = Debug|Any CPU
		{6A8CD845-E670-443C-B64A-26EB44034157}.Debug|ARM.Build.0 = Debug|Any CPU
		{6A8CD845-E670-443C-B64A-26EB44034157}.Debug|iPhone.ActiveCfg = Debug|Any CPU
		{6A8CD845-E670-443C-B64A-26EB44034157}.Debug|iPhone.Build.0 = Debug|Any CPU
		{6A8CD845-E670-443C-B64A-26EB44034157}.Debug|iPhoneSimulator.ActiveCfg = Debug|Any CPU
		{6A8CD845-E670-443C-B64A-26EB44034157}.Debug|iPhoneSimulator.Build.0 = Debug|Any CPU
		{6A8CD845-E670-443C-B64A-26EB44034157}.Debug|x64.ActiveCfg = Debug|Any CPU
		{6A8CD845-E670-443C-B64A-26EB44034157}.Debug|x64.Build.0 = Debug|Any CPU
		{6A8CD845-E670-443C-B64A-26EB44034157}.Debug|x86.ActiveCfg = Debug|Any CPU
		{6A8CD845-E670-443C-B64A-26EB44034157}.Debug|x86.Build.0 = Debug|Any CPU
		{6A8CD845-E670-443C-B64A-26EB44034157}.Release|Any CPU.ActiveCfg = Release|Any CPU
		{6A8CD845-E670-443C-B64A-26EB44034157}.Release|Any CPU.Build.0 = Release|Any CPU
		{6A8CD845-E670-443C-B64A-26EB44034157}.Release|ARM.ActiveCfg = Release|Any CPU
		{6A8CD845-E670-443C-B64A-26EB44034157}.Release|ARM.Build.0 = Release|Any CPU
		{6A8CD845-E670-443C-B64A-26EB44034157}.Release|iPhone.ActiveCfg = Release|Any CPU
		{6A8CD845-E670-443C-B64A-26EB44034157}.Release|iPhone.Build.0 = Release|Any CPU
		{6A8CD845-E670-443C-B64A-26EB44034157}.Release|iPhoneSimulator.ActiveCfg = Release|Any CPU
		{6A8CD845-E670-443C-B64A-26EB44034157}.Release|iPhoneSimulator.Build.0 = Release|Any CPU
		{6A8CD845-E670-443C-B64A-26EB44034157}.Release|x64.ActiveCfg = Release|Any CPU
		{6A8CD845-E670-443C-B64A-26EB44034157}.Release|x64.Build.0 = Release|Any CPU
		{6A8CD845-E670-443C-B64A-26EB44034157}.Release|x86.ActiveCfg = Release|Any CPU
		{6A8CD845-E670-443C-B64A-26EB44034157}.Release|x86.Build.0 = Release|Any CPU
		{791695B4-C35B-41E0-AEAC-1AB3AC21A286}.Debug|Any CPU.ActiveCfg = Debug|Any CPU
		{791695B4-C35B-41E0-AEAC-1AB3AC21A286}.Debug|Any CPU.Build.0 = Debug|Any CPU
		{791695B4-C35B-41E0-AEAC-1AB3AC21A286}.Debug|ARM.ActiveCfg = Debug|Any CPU
		{791695B4-C35B-41E0-AEAC-1AB3AC21A286}.Debug|ARM.Build.0 = Debug|Any CPU
		{791695B4-C35B-41E0-AEAC-1AB3AC21A286}.Debug|iPhone.ActiveCfg = Debug|Any CPU
		{791695B4-C35B-41E0-AEAC-1AB3AC21A286}.Debug|iPhone.Build.0 = Debug|Any CPU
		{791695B4-C35B-41E0-AEAC-1AB3AC21A286}.Debug|iPhoneSimulator.ActiveCfg = Debug|Any CPU
		{791695B4-C35B-41E0-AEAC-1AB3AC21A286}.Debug|iPhoneSimulator.Build.0 = Debug|Any CPU
		{791695B4-C35B-41E0-AEAC-1AB3AC21A286}.Debug|x64.ActiveCfg = Debug|Any CPU
		{791695B4-C35B-41E0-AEAC-1AB3AC21A286}.Debug|x64.Build.0 = Debug|Any CPU
		{791695B4-C35B-41E0-AEAC-1AB3AC21A286}.Debug|x86.ActiveCfg = Debug|Any CPU
		{791695B4-C35B-41E0-AEAC-1AB3AC21A286}.Debug|x86.Build.0 = Debug|Any CPU
		{791695B4-C35B-41E0-AEAC-1AB3AC21A286}.Release|Any CPU.ActiveCfg = Release|Any CPU
		{791695B4-C35B-41E0-AEAC-1AB3AC21A286}.Release|Any CPU.Build.0 = Release|Any CPU
		{791695B4-C35B-41E0-AEAC-1AB3AC21A286}.Release|ARM.ActiveCfg = Release|Any CPU
		{791695B4-C35B-41E0-AEAC-1AB3AC21A286}.Release|ARM.Build.0 = Release|Any CPU
		{791695B4-C35B-41E0-AEAC-1AB3AC21A286}.Release|iPhone.ActiveCfg = Release|Any CPU
		{791695B4-C35B-41E0-AEAC-1AB3AC21A286}.Release|iPhone.Build.0 = Release|Any CPU
		{791695B4-C35B-41E0-AEAC-1AB3AC21A286}.Release|iPhoneSimulator.ActiveCfg = Release|Any CPU
		{791695B4-C35B-41E0-AEAC-1AB3AC21A286}.Release|iPhoneSimulator.Build.0 = Release|Any CPU
		{791695B4-C35B-41E0-AEAC-1AB3AC21A286}.Release|x64.ActiveCfg = Release|Any CPU
		{791695B4-C35B-41E0-AEAC-1AB3AC21A286}.Release|x64.Build.0 = Release|Any CPU
		{791695B4-C35B-41E0-AEAC-1AB3AC21A286}.Release|x86.ActiveCfg = Release|Any CPU
		{791695B4-C35B-41E0-AEAC-1AB3AC21A286}.Release|x86.Build.0 = Release|Any CPU
		{DACC81DF-43AE-47BC-B5D0-7F117FBD40DA}.Debug|Any CPU.ActiveCfg = Debug|Any CPU
		{DACC81DF-43AE-47BC-B5D0-7F117FBD40DA}.Debug|Any CPU.Build.0 = Debug|Any CPU
		{DACC81DF-43AE-47BC-B5D0-7F117FBD40DA}.Debug|Any CPU.Deploy.0 = Debug|Any CPU
		{DACC81DF-43AE-47BC-B5D0-7F117FBD40DA}.Debug|ARM.ActiveCfg = Debug|Any CPU
		{DACC81DF-43AE-47BC-B5D0-7F117FBD40DA}.Debug|ARM.Build.0 = Debug|Any CPU
		{DACC81DF-43AE-47BC-B5D0-7F117FBD40DA}.Debug|ARM.Deploy.0 = Debug|Any CPU
		{DACC81DF-43AE-47BC-B5D0-7F117FBD40DA}.Debug|iPhone.ActiveCfg = Debug|Any CPU
		{DACC81DF-43AE-47BC-B5D0-7F117FBD40DA}.Debug|iPhone.Build.0 = Debug|Any CPU
		{DACC81DF-43AE-47BC-B5D0-7F117FBD40DA}.Debug|iPhone.Deploy.0 = Debug|Any CPU
		{DACC81DF-43AE-47BC-B5D0-7F117FBD40DA}.Debug|iPhoneSimulator.ActiveCfg = Debug|Any CPU
		{DACC81DF-43AE-47BC-B5D0-7F117FBD40DA}.Debug|iPhoneSimulator.Build.0 = Debug|Any CPU
		{DACC81DF-43AE-47BC-B5D0-7F117FBD40DA}.Debug|iPhoneSimulator.Deploy.0 = Debug|Any CPU
		{DACC81DF-43AE-47BC-B5D0-7F117FBD40DA}.Debug|x64.ActiveCfg = Debug|Any CPU
		{DACC81DF-43AE-47BC-B5D0-7F117FBD40DA}.Debug|x64.Build.0 = Debug|Any CPU
		{DACC81DF-43AE-47BC-B5D0-7F117FBD40DA}.Debug|x64.Deploy.0 = Debug|Any CPU
		{DACC81DF-43AE-47BC-B5D0-7F117FBD40DA}.Debug|x86.ActiveCfg = Debug|Any CPU
		{DACC81DF-43AE-47BC-B5D0-7F117FBD40DA}.Debug|x86.Build.0 = Debug|Any CPU
		{DACC81DF-43AE-47BC-B5D0-7F117FBD40DA}.Debug|x86.Deploy.0 = Debug|Any CPU
		{DACC81DF-43AE-47BC-B5D0-7F117FBD40DA}.Release|Any CPU.ActiveCfg = Release|Any CPU
		{DACC81DF-43AE-47BC-B5D0-7F117FBD40DA}.Release|Any CPU.Build.0 = Release|Any CPU
		{DACC81DF-43AE-47BC-B5D0-7F117FBD40DA}.Release|Any CPU.Deploy.0 = Release|Any CPU
		{DACC81DF-43AE-47BC-B5D0-7F117FBD40DA}.Release|ARM.ActiveCfg = Release|Any CPU
		{DACC81DF-43AE-47BC-B5D0-7F117FBD40DA}.Release|ARM.Build.0 = Release|Any CPU
		{DACC81DF-43AE-47BC-B5D0-7F117FBD40DA}.Release|ARM.Deploy.0 = Release|Any CPU
		{DACC81DF-43AE-47BC-B5D0-7F117FBD40DA}.Release|iPhone.ActiveCfg = Release|Any CPU
		{DACC81DF-43AE-47BC-B5D0-7F117FBD40DA}.Release|iPhone.Build.0 = Release|Any CPU
		{DACC81DF-43AE-47BC-B5D0-7F117FBD40DA}.Release|iPhone.Deploy.0 = Release|Any CPU
		{DACC81DF-43AE-47BC-B5D0-7F117FBD40DA}.Release|iPhoneSimulator.ActiveCfg = Release|Any CPU
		{DACC81DF-43AE-47BC-B5D0-7F117FBD40DA}.Release|iPhoneSimulator.Build.0 = Release|Any CPU
		{DACC81DF-43AE-47BC-B5D0-7F117FBD40DA}.Release|iPhoneSimulator.Deploy.0 = Release|Any CPU
		{DACC81DF-43AE-47BC-B5D0-7F117FBD40DA}.Release|x64.ActiveCfg = Release|Any CPU
		{DACC81DF-43AE-47BC-B5D0-7F117FBD40DA}.Release|x64.Build.0 = Release|Any CPU
		{DACC81DF-43AE-47BC-B5D0-7F117FBD40DA}.Release|x64.Deploy.0 = Release|Any CPU
		{DACC81DF-43AE-47BC-B5D0-7F117FBD40DA}.Release|x86.ActiveCfg = Release|Any CPU
		{DACC81DF-43AE-47BC-B5D0-7F117FBD40DA}.Release|x86.Build.0 = Release|Any CPU
		{DACC81DF-43AE-47BC-B5D0-7F117FBD40DA}.Release|x86.Deploy.0 = Release|Any CPU
		{5ED654EF-7537-4C26-B719-850F557B499C}.Debug|Any CPU.ActiveCfg = Debug|iPhone
		{5ED654EF-7537-4C26-B719-850F557B499C}.Debug|ARM.ActiveCfg = Debug|iPhone
		{5ED654EF-7537-4C26-B719-850F557B499C}.Debug|iPhone.ActiveCfg = Debug|iPhone
		{5ED654EF-7537-4C26-B719-850F557B499C}.Debug|iPhone.Build.0 = Debug|iPhone
		{5ED654EF-7537-4C26-B719-850F557B499C}.Debug|iPhoneSimulator.ActiveCfg = Debug|iPhoneSimulator
		{5ED654EF-7537-4C26-B719-850F557B499C}.Debug|iPhoneSimulator.Build.0 = Debug|iPhoneSimulator
		{5ED654EF-7537-4C26-B719-850F557B499C}.Debug|x64.ActiveCfg = Debug|iPhone
		{5ED654EF-7537-4C26-B719-850F557B499C}.Debug|x86.ActiveCfg = Debug|iPhone
		{5ED654EF-7537-4C26-B719-850F557B499C}.Release|Any CPU.ActiveCfg = Release|iPhone
		{5ED654EF-7537-4C26-B719-850F557B499C}.Release|ARM.ActiveCfg = Release|iPhone
		{5ED654EF-7537-4C26-B719-850F557B499C}.Release|iPhone.ActiveCfg = Release|iPhone
		{5ED654EF-7537-4C26-B719-850F557B499C}.Release|iPhone.Build.0 = Release|iPhone
		{5ED654EF-7537-4C26-B719-850F557B499C}.Release|iPhoneSimulator.ActiveCfg = Release|iPhoneSimulator
		{5ED654EF-7537-4C26-B719-850F557B499C}.Release|iPhoneSimulator.Build.0 = Release|iPhoneSimulator
		{5ED654EF-7537-4C26-B719-850F557B499C}.Release|x64.ActiveCfg = Release|iPhone
		{5ED654EF-7537-4C26-B719-850F557B499C}.Release|x86.ActiveCfg = Release|iPhone
		{9167B91C-677F-440E-B995-59AA941023E3}.Debug|Any CPU.ActiveCfg = Debug|x86
		{9167B91C-677F-440E-B995-59AA941023E3}.Debug|ARM.ActiveCfg = Debug|ARM
		{9167B91C-677F-440E-B995-59AA941023E3}.Debug|ARM.Build.0 = Debug|ARM
		{9167B91C-677F-440E-B995-59AA941023E3}.Debug|ARM.Deploy.0 = Debug|ARM
		{9167B91C-677F-440E-B995-59AA941023E3}.Debug|iPhone.ActiveCfg = Debug|x86
		{9167B91C-677F-440E-B995-59AA941023E3}.Debug|iPhoneSimulator.ActiveCfg = Debug|x86
		{9167B91C-677F-440E-B995-59AA941023E3}.Debug|x64.ActiveCfg = Debug|x64
		{9167B91C-677F-440E-B995-59AA941023E3}.Debug|x64.Build.0 = Debug|x64
		{9167B91C-677F-440E-B995-59AA941023E3}.Debug|x64.Deploy.0 = Debug|x64
		{9167B91C-677F-440E-B995-59AA941023E3}.Debug|x86.ActiveCfg = Debug|x86
		{9167B91C-677F-440E-B995-59AA941023E3}.Debug|x86.Build.0 = Debug|x86
		{9167B91C-677F-440E-B995-59AA941023E3}.Debug|x86.Deploy.0 = Debug|x86
		{9167B91C-677F-440E-B995-59AA941023E3}.Release|Any CPU.ActiveCfg = Release|x86
		{9167B91C-677F-440E-B995-59AA941023E3}.Release|ARM.ActiveCfg = Release|ARM
		{9167B91C-677F-440E-B995-59AA941023E3}.Release|ARM.Build.0 = Release|ARM
		{9167B91C-677F-440E-B995-59AA941023E3}.Release|ARM.Deploy.0 = Release|ARM
		{9167B91C-677F-440E-B995-59AA941023E3}.Release|iPhone.ActiveCfg = Release|x86
		{9167B91C-677F-440E-B995-59AA941023E3}.Release|iPhoneSimulator.ActiveCfg = Release|x86
		{9167B91C-677F-440E-B995-59AA941023E3}.Release|x64.ActiveCfg = Release|x64
		{9167B91C-677F-440E-B995-59AA941023E3}.Release|x64.Build.0 = Release|x64
		{9167B91C-677F-440E-B995-59AA941023E3}.Release|x64.Deploy.0 = Release|x64
		{9167B91C-677F-440E-B995-59AA941023E3}.Release|x86.ActiveCfg = Release|x86
		{9167B91C-677F-440E-B995-59AA941023E3}.Release|x86.Build.0 = Release|x86
		{9167B91C-677F-440E-B995-59AA941023E3}.Release|x86.Deploy.0 = Release|x86
	EndGlobalSection
	GlobalSection(SolutionProperties) = preSolution
		HideSolutionNode = FALSE
	EndGlobalSection
	GlobalSection(ExtensibilityGlobals) = postSolution
		SolutionGuid = {37560006-D770-4FF9-BA3B-D531EDE4E441}
	EndGlobalSection
EndGlobal
